
Microsoft Visual Studio Solution File, Format Version 11.00
# Visual C# Express 2010
Project("{FAE04EC0-301F-11D3-BF4B-00C04F79EFBC}") = "It'sAlive!", "It'sAlive!\It'sAlive!\It'sAlive!.csproj", "{1051B95B-E57C-40D5-9C49-8F6B620B0082}"
EndProject
Project("{96E2B04D-8817-42C6-938A-82C39BA4D311}") = "It'sAlive!Content", "It'sAlive!\It'sAlive!Content\It'sAlive!Content.contentproj", "{7F5B3FD1-3717-4E06-9684-AF964560DA7E}"
EndProject
Global
	GlobalSection(SolutionConfigurationPlatforms) = preSolution
		Debug|x86 = Debug|x86
		Release|x86 = Release|x86
	EndGlobalSection
	GlobalSection(ProjectConfigurationPlatforms) = postSolution
		{1051B95B-E57C-40D5-9C49-8F6B620B0082}.Debug|x86.ActiveCfg = Debug|x86
		{1051B95B-E57C-40D5-9C49-8F6B620B0082}.Debug|x86.Build.0 = Debug|x86
		{1051B95B-E57C-40D5-9C49-8F6B620B0082}.Release|x86.ActiveCfg = Release|x86
		{1051B95B-E57C-40D5-9C49-8F6B620B0082}.Release|x86.Build.0 = Release|x86
		{7F5B3FD1-3717-4E06-9684-AF964560DA7E}.Debug|x86.ActiveCfg = Debug|x86
		{7F5B3FD1-3717-4E06-9684-AF964560DA7E}.Release|x86.ActiveCfg = Release|x86
	EndGlobalSection
	GlobalSection(SolutionProperties) = preSolution
		HideSolutionNode = FALSE
	EndGlobalSection
EndGlobal
